
Microsoft Visual Studio Solution File, Format Version 12.00
# Visual Studio Version 17
VisualStudioVersion = 17.7.33808.371
MinimumVisualStudioVersion = 10.0.40219.1
Project("{FAE04EC0-301F-11D3-BF4B-00C04F79EFBC}") = "DATKindleClippingsManager", "DATKindleClippingsManager\DATKindleClippingsManager.csproj", "{72415980-0221-4E06-8543-D4FC1285D91E}"
EndProject
Global
	GlobalSection(SolutionConfigurationPlatforms) = preSolution
		Debug|Any CPU = Debug|Any CPU
		Release|Any CPU = Release|Any CPU
	EndGlobalSection
	GlobalSection(ProjectConfigurationPlatforms) = postSolution
		{72415980-0221-4E06-8543-D4FC1285D91E}.Debug|Any CPU.ActiveCfg = Debug|Any CPU
		{72415980-0221-4E06-8543-D4FC1285D91E}.Debug|Any CPU.Build.0 = Debug|Any CPU
		{72415980-0221-4E06-8543-D4FC1285D91E}.Release|Any CPU.ActiveCfg = Release|Any CPU
		{72415980-0221-4E06-8543-D4FC1285D91E}.Release|Any CPU.Build.0 = Release|Any CPU
	EndGlobalSection
	GlobalSection(SolutionProperties) = preSolution
		HideSolutionNode = FALSE
	EndGlobalSection
	GlobalSection(ExtensibilityGlobals) = postSolution
		SolutionGuid = {26AA2439-B369-40AB-9CE2-2969FF37F5C2}
	EndGlobalSection
EndGlobal
